Microsoft Visual Studio Solution File, Format Version 12.00
# Visual Studio Version 17
VisualStudioVersion = 17.0.31903.59
MinimumVisualStudioVersion = 10.0.40219.1
Project("{FAE04EC0-301F-11D3-BF4B-00C04F79EFBC}") = "Tests", "Tests\Tests.csproj", "{30993F0D-7834-48CF-AD64-FBA682070CC1}"
EndProject
Project("{FAE04EC0-301F-11D3-BF4B-00C04F79EFBC}") = "Day01", "Day01 - Calorie Counting\Day01.csproj", "{9A25B45C-6578-4CC2-9A0B-F943CE51DF56}"
EndProject
Project("{FAE04EC0-301F-11D3-BF4B-00C04F79EFBC}") = "Day02", "Day02 - Rock Paper Scissors\Day02.csproj", "{F6CDD31E-2412-4D7E-BBB7-8FB8B1DFE286}"
EndProject
Project("{FAE04EC0-301F-11D3-BF4B-00C04F79EFBC}") = "Day03", "Day03 - Rucksack Reorganization\Day03.csproj", "{F0561B26-BDD2-4B2B-B709-481D09F444DC}"
EndProject
Project("{FAE04EC0-301F-11D3-BF4B-00C04F79EFBC}") = "Day04", "Day04 - Camp Cleanup\Day04.csproj", "{876175A5-3BD8-4CF6-B625-7AA2A6D90794}"
EndProject
Project("{FAE04EC0-301F-11D3-BF4B-00C04F79EFBC}") = "Day05", "Day05 - Supply Stacks\Day05.csproj", "{47BC74E0-F649-4447-B9C5-0E57357712C0}"
EndProject
Project("{FAE04EC0-301F-11D3-BF4B-00C04F79EFBC}") = "Day06", "Day06 - Tuning Trouble\Day06.csproj", "{470FE9BB-0CEA-4F63-BD77-EB0CEC1896D2}"
EndProject
Project("{FAE04EC0-301F-11D3-BF4B-00C04F79EFBC}") = "Day07", "Day07 - No Space Left On Device\Day07.csproj", "{8D54B3DC-2584-4351-89F5-1B8772ADD5BD}"
EndProject
Project("{FAE04EC0-301F-11D3-BF4B-00C04F79EFBC}") = "Day08", "Day08 - Treetop Tree House\Day08.csproj", "{C49BD89F-7C8D-42CF-B073-0DB1EC35A715}"
EndProject
Project("{FAE04EC0-301F-11D3-BF4B-00C04F79EFBC}") = "Day09", "Day09 - Rope Bridge\Day09.csproj", "{58DCD90D-4B48-4E46-8B0A-3D764E309AE8}"
EndProject
Project("{FAE04EC0-301F-11D3-BF4B-00C04F79EFBC}") = "Day10", "Day10 - Cathode-Ray Tube\Day10.csproj", "{994CF14E-3788-4879-A69E-080E6567F5EC}"
EndProject
Project("{FAE04EC0-301F-11D3-BF4B-00C04F79EFBC}") = "Day11", "Day11 - Monkey in the Middle\Day11.csproj", "{F6DA9E83-EC34-4503-A317-E0BBE4BE4435}"
EndProject
Project("{FAE04EC0-301F-11D3-BF4B-00C04F79EFBC}") = "Day12", "Day12 - Hill Climbing Algorithm\Day12.csproj", "{42779694-59DE-413D-8EE3-B7466B4D838F}"
EndProject
Project("{FAE04EC0-301F-11D3-BF4B-00C04F79EFBC}") = "Day13", "Day13 - Distress Signal\Day13.csproj", "{73E98D74-32AF-4A71-8409-86FEFC919C7D}"
EndProject
Project("{FAE04EC0-301F-11D3-BF4B-00C04F79EFBC}") = "Day14", "Day14 - Regolith Reservoir\Day14.csproj", "{9C6EE210-13FE-4255-BDA7-24F768B3124E}"
EndProject
Project("{FAE04EC0-301F-11D3-BF4B-00C04F79EFBC}") = "Day15", "Day15 - Beacon Exclusion Zone\Day15.csproj", "{E07E7D7C-053A-46D0-ADDC-FEF0C65BDEDA}"
EndProject
Project("{FAE04EC0-301F-11D3-BF4B-00C04F79EFBC}") = "Day16", "Day16 - Proboscidea Volcanium\Day16.csproj", "{46581B57-D121-4E52-87FD-DC6A1309CA57}"
EndProject
Project("{2150E333-8FDC-42A3-9474-1A3956D46DE8}") = "Solved", "Solved", "{C4009894-4010-4D51-9462-04C736B331DC}"
EndProject
Global
	GlobalSection(SolutionConfigurationPlatforms) = preSolution
		Debug|Any CPU = Debug|Any CPU
		Release|Any CPU = Release|Any CPU
	EndGlobalSection
	GlobalSection(SolutionProperties) = preSolution
		HideSolutionNode = FALSE
	EndGlobalSection
	GlobalSection(ProjectConfigurationPlatforms) = postSolution
		{30993F0D-7834-48CF-AD64-FBA682070CC1}.Debug|Any CPU.ActiveCfg = Debug|Any CPU
		{30993F0D-7834-48CF-AD64-FBA682070CC1}.Debug|Any CPU.Build.0 = Debug|Any CPU
		{30993F0D-7834-48CF-AD64-FBA682070CC1}.Release|Any CPU.ActiveCfg = Release|Any CPU
		{30993F0D-7834-48CF-AD64-FBA682070CC1}.Release|Any CPU.Build.0 = Release|Any CPU
		{9A25B45C-6578-4CC2-9A0B-F943CE51DF56}.Debug|Any CPU.ActiveCfg = Debug|Any CPU
		{9A25B45C-6578-4CC2-9A0B-F943CE51DF56}.Debug|Any CPU.Build.0 = Debug|Any CPU
		{9A25B45C-6578-4CC2-9A0B-F943CE51DF56}.Release|Any CPU.ActiveCfg = Release|Any CPU
		{9A25B45C-6578-4CC2-9A0B-F943CE51DF56}.Release|Any CPU.Build.0 = Release|Any CPU
		{F6CDD31E-2412-4D7E-BBB7-8FB8B1DFE286}.Debug|Any CPU.ActiveCfg = Debug|Any CPU
		{F6CDD31E-2412-4D7E-BBB7-8FB8B1DFE286}.Debug|Any CPU.Build.0 = Debug|Any CPU
		{F6CDD31E-2412-4D7E-BBB7-8FB8B1DFE286}.Release|Any CPU.ActiveCfg = Release|Any CPU
		{F6CDD31E-2412-4D7E-BBB7-8FB8B1DFE286}.Release|Any CPU.Build.0 = Release|Any CPU
		{F0561B26-BDD2-4B2B-B709-481D09F444DC}.Debug|Any CPU.ActiveCfg = Debug|Any CPU
		{F0561B26-BDD2-4B2B-B709-481D09F444DC}.Debug|Any CPU.Build.0 = Debug|Any CPU
		{F0561B26-BDD2-4B2B-B709-481D09F444DC}.Release|Any CPU.ActiveCfg = Release|Any CPU
		{F0561B26-BDD2-4B2B-B709-481D09F444DC}.Release|Any CPU.Build.0 = Release|Any CPU
		{876175A5-3BD8-4CF6-B625-7AA2A6D90794}.Debug|Any CPU.ActiveCfg = Debug|Any CPU
		{876175A5-3BD8-4CF6-B625-7AA2A6D90794}.Debug|Any CPU.Build.0 = Debug|Any CPU
		{876175A5-3BD8-4CF6-B625-7AA2A6D90794}.Release|Any CPU.ActiveCfg = Release|Any CPU
		{876175A5-3BD8-4CF6-B625-7AA2A6D90794}.Release|Any CPU.Build.0 = Release|Any CPU
		{47BC74E0-F649-4447-B9C5-0E57357712C0}.Debug|Any CPU.ActiveCfg = Debug|Any CPU
		{47BC74E0-F649-4447-B9C5-0E57357712C0}.Debug|Any CPU.Build.0 = Debug|Any CPU
		{47BC74E0-F649-4447-B9C5-0E57357712C0}.Release|Any CPU.ActiveCfg = Release|Any CPU
		{47BC74E0-F649-4447-B9C5-0E57357712C0}.Release|Any CPU.Build.0 = Release|Any CPU
		{470FE9BB-0CEA-4F63-BD77-EB0CEC1896D2}.Debug|Any CPU.ActiveCfg = Debug|Any CPU
		{470FE9BB-0CEA-4F63-BD77-EB0CEC1896D2}.Debug|Any CPU.Build.0 = Debug|Any CPU
		{470FE9BB-0CEA-4F63-BD77-EB0CEC1896D2}.Release|Any CPU.ActiveCfg = Release|Any CPU
		{470FE9BB-0CEA-4F63-BD77-EB0CEC1896D2}.Release|Any CPU.Build.0 = Release|Any CPU
		{8D54B3DC-2584-4351-89F5-1B8772ADD5BD}.Debug|Any CPU.ActiveCfg = Debug|Any CPU
		{8D54B3DC-2584-4351-89F5-1B8772ADD5BD}.Debug|Any CPU.Build.0 = Debug|Any CPU
		{8D54B3DC-2584-4351-89F5-1B8772ADD5BD}.Release|Any CPU.ActiveCfg = Release|Any CPU
		{8D54B3DC-2584-4351-89F5-1B8772ADD5BD}.Release|Any CPU.Build.0 = Release|Any CPU
		{C49BD89F-7C8D-42CF-B073-0DB1EC35A715}.Debug|Any CPU.ActiveCfg = Debug|Any CPU
		{C49BD89F-7C8D-42CF-B073-0DB1EC35A715}.Debug|Any CPU.Build.0 = Debug|Any CPU
		{C49BD89F-7C8D-42CF-B073-0DB1EC35A715}.Release|Any CPU.ActiveCfg = Release|Any CPU
		{C49BD89F-7C8D-42CF-B073-0DB1EC35A715}.Release|Any CPU.Build.0 = Release|Any CPU
		{58DCD90D-4B48-4E46-8B0A-3D764E309AE8}.Debug|Any CPU.ActiveCfg = Debug|Any CPU
		{58DCD90D-4B48-4E46-8B0A-3D764E309AE8}.Debug|Any CPU.Build.0 = Debug|Any CPU
		{58DCD90D-4B48-4E46-8B0A-3D764E309AE8}.Release|Any CPU.ActiveCfg = Release|Any CPU
		{58DCD90D-4B48-4E46-8B0A-3D764E309AE8}.Release|Any CPU.Build.0 = Release|Any CPU
		{994CF14E-3788-4879-A69E-080E6567F5EC}.Debug|Any CPU.ActiveCfg = Debug|Any CPU
		{994CF14E-3788-4879-A69E-080E6567F5EC}.Debug|Any CPU.Build.0 = Debug|Any CPU
		{994CF14E-3788-4879-A69E-080E6567F5EC}.Release|Any CPU.ActiveCfg = Release|Any CPU
		{994CF14E-3788-4879-A69E-080E6567F5EC}.Release|Any CPU.Build.0 = Release|Any CPU
		{F6DA9E83-EC34-4503-A317-E0BBE4BE4435}.Debug|Any CPU.ActiveCfg = Debug|Any CPU
		{F6DA9E83-EC34-4503-A317-E0BBE4BE4435}.Debug|Any CPU.Build.0 = Debug|Any CPU
		{F6DA9E83-EC34-4503-A317-E0BBE4BE4435}.Release|Any CPU.ActiveCfg = Release|Any CPU
		{F6DA9E83-EC34-4503-A317-E0BBE4BE4435}.Release|Any CPU.Build.0 = Release|Any CPU
		{42779694-59DE-413D-8EE3-B7466B4D838F}.Debug|Any CPU.ActiveCfg = Debug|Any CPU
		{42779694-59DE-413D-8EE3-B7466B4D838F}.Debug|Any CPU.Build.0 = Debug|Any CPU
		{42779694-59DE-413D-8EE3-B7466B4D838F}.Release|Any CPU.ActiveCfg = Release|Any CPU
		{42779694-59DE-413D-8EE3-B7466B4D838F}.Release|Any CPU.Build.0 = Release|Any CPU
		{73E98D74-32AF-4A71-8409-86FEFC919C7D}.Debug|Any CPU.ActiveCfg = Debug|Any CPU
		{73E98D74-32AF-4A71-8409-86FEFC919C7D}.Debug|Any CPU.Build.0 = Debug|Any CPU
		{73E98D74-32AF-4A71-8409-86FEFC919C7D}.Release|Any CPU.ActiveCfg = Release|Any CPU
		{73E98D74-32AF-4A71-8409-86FEFC919C7D}.Release|Any CPU.Build.0 = Release|Any CPU
		{9C6EE210-13FE-4255-BDA7-24F768B3124E}.Debug|Any CPU.ActiveCfg = Debug|Any CPU
		{9C6EE210-13FE-4255-BDA7-24F768B3124E}.Debug|Any CPU.Build.0 = Debug|Any CPU
		{9C6EE210-13FE-4255-BDA7-24F768B3124E}.Release|Any CPU.ActiveCfg = Release|Any CPU
		{9C6EE210-13FE-4255-BDA7-24F768B3124E}.Release|Any CPU.Build.0 = Release|Any CPU
		{E07E7D7C-053A-46D0-ADDC-FEF0C65BDEDA}.Debug|Any CPU.ActiveCfg = Debug|Any CPU
		{E07E7D7C-053A-46D0-ADDC-FEF0C65BDEDA}.Debug|Any CPU.Build.0 = Debug|Any CPU
		{E07E7D7C-053A-46D0-ADDC-FEF0C65BDEDA}.Release|Any CPU.ActiveCfg = Release|Any CPU
		{E07E7D7C-053A-46D0-ADDC-FEF0C65BDEDA}.Release|Any CPU.Build.0 = Release|Any CPU
		{46581B57-D121-4E52-87FD-DC6A1309CA57}.Debug|Any CPU.ActiveCfg = Debug|Any CPU
		{46581B57-D121-4E52-87FD-DC6A1309CA57}.Debug|Any CPU.Build.0 = Debug|Any CPU
		{46581B57-D121-4E52-87FD-DC6A1309CA57}.Release|Any CPU.ActiveCfg = Release|Any CPU
		{46581B57-D121-4E52-87FD-DC6A1309CA57}.Release|Any CPU.Build.0 = Release|Any CPU
	EndGlobalSection
	GlobalSection(NestedProjects) = preSolution
		{9A25B45C-6578-4CC2-9A0B-F943CE51DF56} = {C4009894-4010-4D51-9462-04C736B331DC}
		{F6CDD31E-2412-4D7E-BBB7-8FB8B1DFE286} = {C4009894-4010-4D51-9462-04C736B331DC}
		{F0561B26-BDD2-4B2B-B709-481D09F444DC} = {C4009894-4010-4D51-9462-04C736B331DC}
		{876175A5-3BD8-4CF6-B625-7AA2A6D90794} = {C4009894-4010-4D51-9462-04C736B331DC}
		{47BC74E0-F649-4447-B9C5-0E57357712C0} = {C4009894-4010-4D51-9462-04C736B331DC}
		{470FE9BB-0CEA-4F63-BD77-EB0CEC1896D2} = {C4009894-4010-4D51-9462-04C736B331DC}
		{8D54B3DC-2584-4351-89F5-1B8772ADD5BD} = {C4009894-4010-4D51-9462-04C736B331DC}
		{C49BD89F-7C8D-42CF-B073-0DB1EC35A715} = {C4009894-4010-4D51-9462-04C736B331DC}
		{58DCD90D-4B48-4E46-8B0A-3D764E309AE8} = {C4009894-4010-4D51-9462-04C736B331DC}
		{994CF14E-3788-4879-A69E-080E6567F5EC} = {C4009894-4010-4D51-9462-04C736B331DC}
		{F6DA9E83-EC34-4503-A317-E0BBE4BE4435} = {C4009894-4010-4D51-9462-04C736B331DC}
		{42779694-59DE-413D-8EE3-B7466B4D838F} = {C4009894-4010-4D51-9462-04C736B331DC}
		{73E98D74-32AF-4A71-8409-86FEFC919C7D} = {C4009894-4010-4D51-9462-04C736B331DC}
		{9C6EE210-13FE-4255-BDA7-24F768B3124E} = {C4009894-4010-4D51-9462-04C736B331DC}
		{E07E7D7C-053A-46D0-ADDC-FEF0C65BDEDA} = {C4009894-4010-4D51-9462-04C736B331DC}
	EndGlobalSection
EndGlobal
